{
  "name": "node",
  "version": "1.0.0",
  "lockfileVersion": 3,
  "requires": true,
  "packages": {
    "": {
      "name": "node",
      "version": "1.0.0",
      "license": "ISC",
      "dependencies": {
        "@oak/oak": "npm:@jsr/oak__oak@^17.1.2",
        "@tajpouria/cors": "npm:@jsr/tajpouria__cors@^1.2.1"
      },
      "devDependencies": {
        "axios": "^1.7.7",
        "tinybench": "^3.0.0"
      }
    },
    "node_modules/@jsr/oak__commons": {
      "version": "1.0.0",
      "resolved": "https://npm.jsr.io/~/11/@jsr/oak__commons/1.0.0.tgz",
      "integrity": "sha512-KwXlS+TVFZ7EQo62nzGdCHg2/toRzcTCAxQ/BqS7QzAP7QQDv5nQRyybgLwK9zjVwG0D9ahN5x2biJTbinP9fw==",
      "dependencies": {
        "@jsr/std__assert": "^1.0",
        "@jsr/std__bytes": "^1.0",
        "@jsr/std__crypto": "^1.0",
        "@jsr/std__encoding": "^1.0",
        "@jsr/std__http": "^1.0",
        "@jsr/std__media-types": "^1.0"
      }
    },
    "node_modules/@jsr/std__assert": {
      "version": "1.0.6",
      "resolved": "https://npm.jsr.io/~/11/@jsr/std__assert/1.0.6.tgz",
      "integrity": "sha512-lWRoX42lexkqLDxxVA6VG+zk++yiOI9udIqigeSpQu0N5ri6l665gkNLbisIAEDkiUg86FTRPb5sLdtUUNfkmg==",
      "dependencies": {
        "@jsr/std__internal": "^1.0.4"
      }
    },
    "node_modules/@jsr/std__bytes": {
      "version": "1.0.2",
      "resolved": "https://npm.jsr.io/~/11/@jsr/std__bytes/1.0.2.tgz",
      "integrity": "sha512-bkZ1rllRB1qsxFbPqtO1VAYTW2+3ZDmf6pcy8xihKS33r0Z1ly6/E/5DoapnJsNy05LdnANUySWt5kj/awgGdg=="
    },
    "node_modules/@jsr/std__cli": {
      "version": "1.0.6",
      "resolved": "https://npm.jsr.io/~/11/@jsr/std__cli/1.0.6.tgz",
      "integrity": "sha512-aWfDn9Hsr8wGI1D0nX4o1ADCt93gerYy3bU7zXrlymxD1HXTWj3EfgOq2/cKmpcTmR/PWBensX4AnenprWb9cA=="
    },
    "node_modules/@jsr/std__crypto": {
      "version": "1.0.3",
      "resolved": "https://npm.jsr.io/~/11/@jsr/std__crypto/1.0.3.tgz",
      "integrity": "sha512-B/4PCckQfbfVMyQvG2I15QbN4vfx1S0tXKstpSlzuSmVwGmAOT/DLCtrbrAKlMiJBN4Zb53KaAJQm8VgkZ+bDg=="
    },
    "node_modules/@jsr/std__encoding": {
      "version": "1.0.5",
      "resolved": "https://npm.jsr.io/~/11/@jsr/std__encoding/1.0.5.tgz",
      "integrity": "sha512-blLadT0G3SiwsneatWsUwH5s+Sb+zSsQCgtHZlT+nQkoFci2OiErHx4XqdoFcwuz3IH6wOdPZqjhcSrbNS0jqA=="
    },
    "node_modules/@jsr/std__fmt": {
      "version": "1.0.3",
      "resolved": "https://npm.jsr.io/~/11/@jsr/std__fmt/1.0.3.tgz",
      "integrity": "sha512-Nf8EywAPLhDV6k0Nbsqid3slskDji4xG2wHxyLM/ojG75NtxY3mdeFov2RVj9fsyBV+qQcoqlR/9RX5lkZJLMQ=="
    },
    "node_modules/@jsr/std__http": {
      "version": "1.0.9",
      "resolved": "https://npm.jsr.io/~/11/@jsr/std__http/1.0.9.tgz",
      "integrity": "sha512-Wd3Q/CUDVxHJo1V9zTWnllyP6tJQ6yb3MSkqxtSOD5zKMKCgPu11xpKzhATAyHdypw3/rXxABaFBKvMVDY0U6g==",
      "dependencies": {
        "@jsr/std__cli": "^1.0.6",
        "@jsr/std__encoding": "^1.0.5",
        "@jsr/std__fmt": "^1.0.3",
        "@jsr/std__media-types": "^1.0.3",
        "@jsr/std__net": "^1.0.4",
        "@jsr/std__path": "^1.0.7",
        "@jsr/std__streams": "^1.0.7"
      }
    },
    "node_modules/@jsr/std__internal": {
      "version": "1.0.4",
      "resolved": "https://npm.jsr.io/~/11/@jsr/std__internal/1.0.4.tgz",
      "integrity": "sha512-oPUgFN5+ogDYCFjCSQqqN1sH27VB544HsJKwuwuGkSkeawwNj8CQc7Z7znwYFm3Zoy3FhW+eXErSXgg42UytKw=="
    },
    "node_modules/@jsr/std__io": {
      "version": "0.224.9",
      "resolved": "https://npm.jsr.io/~/11/@jsr/std__io/0.224.9.tgz",
      "integrity": "sha512-MwBAa4WDb2yOuzbd21cweZfIFnH5I0ICOtCTi2ckHLQ+Dx99gvavXPX+e7nqrahaDuaaBlZcA5TC6XHh99IOpw==",
      "dependencies": {
        "@jsr/std__bytes": "^1.0.2"
      }
    },
    "node_modules/@jsr/std__media-types": {
      "version": "1.0.3",
      "resolved": "https://npm.jsr.io/~/11/@jsr/std__media-types/1.0.3.tgz",
      "integrity": "sha512-Y65G1lSFliesA9H7h3RaDFD6Z9q0xXFrnEoaOBaEnyKAjm3cewnY5XyzAj5gSnQNvSz6Z700ZV15NJpCfu/xlg=="
    },
    "node_modules/@jsr/std__net": {
      "version": "1.0.4",
      "resolved": "https://npm.jsr.io/~/11/@jsr/std__net/1.0.4.tgz",
      "integrity": "sha512-KJGU8ZpQ70sMW2Zk+wU3wFUkggS9lTLfRFBygnV9VaK8KI+1ggiqtB06rH4a14CNRGM9y46Mn/ZCbQUd4Q45Jg=="
    },
    "node_modules/@jsr/std__path": {
      "version": "1.0.7",
      "resolved": "https://npm.jsr.io/~/11/@jsr/std__path/1.0.7.tgz",
      "integrity": "sha512-mBD4HbVbau9CY5wzTgiy4Dvtou7rTe5NK85dlKdHrNBpCcMvTK6JgTS1zau6sa+kbAuhIph/dbVwXuPFrSfpDA=="
    },
    "node_modules/@jsr/std__streams": {
      "version": "1.0.7",
      "resolved": "https://npm.jsr.io/~/11/@jsr/std__streams/1.0.7.tgz",
      "integrity": "sha512-zDtVENagtl34HPDwU+NJGNxbXw2xP5WV54b16bGTMd+Qanhc7hBGSvDu1rteG/DZaivVdyiPq6Ix4BzUNVAPXA==",
      "dependencies": {
        "@jsr/std__bytes": "^1.0.2"
      }
    },
    "node_modules/@oak/oak": {
      "name": "@jsr/oak__oak",
      "version": "17.1.2",
      "resolved": "https://npm.jsr.io/~/11/@jsr/oak__oak/17.1.2.tgz",
      "integrity": "sha512-IteMKXlyj7tv4avCyIiYWnaSKph7HjIv3sMyRtryR9LZC4vQ1+e1yscDpEdYeHrNNpDLr6rIas3xhtysCWSWsw==",
      "dependencies": {
        "@jsr/oak__commons": "^1.0",
        "@jsr/std__assert": "^1.0",
        "@jsr/std__bytes": "^1.0",
        "@jsr/std__crypto": "^1.0",
        "@jsr/std__http": "^1.0",
        "@jsr/std__io": "0.224",
        "@jsr/std__media-types": "^1.0",
        "@jsr/std__path": "^1.0",
        "path-to-regexp": "6.2.1"
      }
    },
    "node_modules/@tajpouria/cors": {
      "name": "@jsr/tajpouria__cors",
      "version": "1.2.1",
      "resolved": "https://npm.jsr.io/~/11/@jsr/tajpouria__cors/1.2.1.tgz",
      "integrity": "sha512-R+5co2vSvioHp/3Vymwkr2fUMnoGJYnXhScfu3ZZNPvLx7FIq/xjAfYLi3lnGerlVOyBicuxP38udpREdhNjZQ=="
    },
    "node_modules/asynckit": {
      "version": "0.4.0",
      "resolved": "https://registry.npmjs.org/asynckit/-/asynckit-0.4.0.tgz",
      "integrity": "sha512-Oei9OH4tRh0YqU3GxhX79dM/mwVgvbZJaSNaRk+bshkj0S5cfHcgYakreBjrHwatXKbz+IoIdYLxrKim2MjW0Q==",
      "dev": true,
      "license": "MIT"
    },
    "node_modules/axios": {
      "version": "1.7.7",
      "resolved": "https://registry.npmjs.org/axios/-/axios-1.7.7.tgz",
      "integrity": "sha512-S4kL7XrjgBmvdGut0sN3yJxqYzrDOnivkBiN0OFs6hLiUam3UPvswUo0kqGyhqUZGEOytHyumEdXsAkgCOUf3Q==",
      "dev": true,
      "license": "MIT",
      "dependencies": {
        "follow-redirects": "^1.15.6",
        "form-data": "^4.0.0",
        "proxy-from-env": "^1.1.0"
      }
    },
    "node_modules/combined-stream": {
      "version": "1.0.8",
      "resolved": "https://registry.npmjs.org/combined-stream/-/combined-stream-1.0.8.tgz",
      "integrity": "sha512-FQN4MRfuJeHf7cBbBMJFXhKSDq+2kAArBlmRBvcvFE5BB1HZKXtSFASDhdlz9zOYwxh8lDdnvmMOe/+5cdoEdg==",
      "dev": true,
      "license": "MIT",
      "dependencies": {
        "delayed-stream": "~1.0.0"
      },
      "engines": {
        "node": ">= 0.8"
      }
    },
    "node_modules/delayed-stream": {
      "version": "1.0.0",
      "resolved": "https://registry.npmjs.org/delayed-stream/-/delayed-stream-1.0.0.tgz",
      "integrity": "sha512-ZySD7Nf91aLB0RxL4KGrKHBXl7Eds1DAmEdcoVawXnLD7SDhpNgtuII2aAkg7a7QS41jxPSZ17p4VdGnMHk3MQ==",
      "dev": true,
      "license": "MIT",
      "engines": {
        "node": ">=0.4.0"
      }
    },
    "node_modules/follow-redirects": {
      "version": "1.15.9",
      "resolved": "https://registry.npmjs.org/follow-redirects/-/follow-redirects-1.15.9.tgz",
      "integrity": "sha512-gew4GsXizNgdoRyqmyfMHyAmXsZDk6mHkSxZFCzW9gwlbtOW44CDtYavM+y+72qD/Vq2l550kMF52DT8fOLJqQ==",
      "dev": true,
      "funding": [
        {
          "type": "individual",
          "url": "https://github.com/sponsors/RubenVerborgh"
        }
      ],
      "license": "MIT",
      "engines": {
        "node": ">=4.0"
      },
      "peerDependenciesMeta": {
        "debug": {
          "optional": true
        }
      }
    },
    "node_modules/form-data": {
      "version": "4.0.1",
      "resolved": "https://registry.npmjs.org/form-data/-/form-data-4.0.1.tgz",
      "integrity": "sha512-tzN8e4TX8+kkxGPK8D5u0FNmjPUjw3lwC9lSLxxoB/+GtsJG91CO8bSWy73APlgAZzZbXEYZJuxjkHH2w+Ezhw==",
      "dev": true,
      "license": "MIT",
      "dependencies": {
        "asynckit": "^0.4.0",
        "combined-stream": "^1.0.8",
        "mime-types": "^2.1.12"
      },
      "engines": {
        "node": ">= 6"
      }
    },
    "node_modules/mime-db": {
      "version": "1.52.0",
      "resolved": "https://registry.npmjs.org/mime-db/-/mime-db-1.52.0.tgz",
      "integrity": "sha512-sPU4uV7dYlvtWJxwwxHD0PuihVNiE7TyAbQ5SWxDCB9mUYvOgroQOwYQQOKPJ8CIbE+1ETVlOoK1UC2nU3gYvg==",
      "dev": true,
      "license": "MIT",
      "engines": {
        "node": ">= 0.6"
      }
    },
    "node_modules/mime-types": {
      "version": "2.1.35",
      "resolved": "https://registry.npmjs.org/mime-types/-/mime-types-2.1.35.tgz",
      "integrity": "sha512-ZDY+bPm5zTTF+YpCrAU9nK0UgICYPT0QtT1NZWFv4s++TNkcgVaT0g6+4R2uI4MjQjzysHB1zxuWL50hzaeXiw==",
      "dev": true,
      "license": "MIT",
      "dependencies": {
        "mime-db": "1.52.0"
      },
      "engines": {
        "node": ">= 0.6"
      }
    },
    "node_modules/path-to-regexp": {
      "version": "6.2.1",
      "resolved": "https://registry.npmjs.org/path-to-regexp/-/path-to-regexp-6.2.1.tgz",
      "integrity": "sha512-JLyh7xT1kizaEvcaXOQwOc2/Yhw6KZOvPf1S8401UyLk86CU79LN3vl7ztXGm/pZ+YjoyAJ4rxmHwbkBXJX+yw==",
      "license": "MIT"
    },
    "node_modules/proxy-from-env": {
      "version": "1.1.0",
      "resolved": "https://registry.npmjs.org/proxy-from-env/-/proxy-from-env-1.1.0.tgz",
      "integrity": "sha512-D+zkORCbA9f1tdWRK0RaCR3GPv50cMxcrz4X8k5LTSUD1Dkw47mKJEZQNunItRTkWwgtaUSo1RVFRIG9ZXiFYg==",
      "dev": true,
      "license": "MIT"
    },
    "node_modules/tinybench": {
      "version": "3.0.0",
      "resolved": "https://registry.npmjs.org/tinybench/-/tinybench-3.0.0.tgz",
      "integrity": "sha512-931sGm66Zjp7c4o/DePaq8AKlCdq/ZldpS1b8O7r3SxSuxJpqoqeUprTOsW2CBhrw54U3mTmcS97LsBqPXEQLw==",
      "dev": true,
      "license": "MIT",
      "engines": {
        "node": ">=18.0.0"
      }
    }
  }
}
